{
	"name": "app",
	"version": "1.0.0",
	"lockfileVersion": 1,
	"requires": true,
	"dependencies": {
		"@device.farm/si-application-events": {
			"version": "1.0.1",
			"resolved": "https://registry.npmjs.org/@device.farm/si-application-events/-/si-application-events-1.0.1.tgz",
			"integrity": "sha512-iQmDdyt0uGQ/XOYnVE9/Jd/mI83DujEpa6ElhElhGq3lPwcHsQcUwp2cG2FjNbHp0iJWMiW9nVqer4O7epmNJg=="
		},
		"@device.farm/si-atsamd11c14a": {
			"version": "2.0.1",
			"resolved": "https://registry.npmjs.org/@device.farm/si-atsamd11c14a/-/si-atsamd11c14a-2.0.1.tgz",
			"integrity": "sha512-kV3Hi8moBGW6ykjdy4nYGMwqwx+Tv/w7/iFYSnfcLmPpu4sqdfmFocsDiCkmZOQwG9Dx3iiZL9IAaEoFi+JUoQ=="
		},
		"@device.farm/si-generic-timer": {
			"version": "1.0.3",
			"resolved": "https://registry.npmjs.org/@device.farm/si-generic-timer/-/si-generic-timer-1.0.3.tgz",
			"integrity": "sha512-WVwMajLqtsnlj7WpsIY/skDY3O8apWHtxcAvKGGXW28TUJ9L+6nn6+7rmFkB7EheqlTpISPWgYOfJfRrBrVw2w==",
			"requires": {
				"@device.farm/si-application-events": "^1.0.1"
			}
		},
		"@device.farm/si-systick-timer": {
			"version": "1.0.5",
			"resolved": "https://registry.npmjs.org/@device.farm/si-systick-timer/-/si-systick-timer-1.0.5.tgz",
			"integrity": "sha512-kS/IiMD8cm/ZtZVgBhbi2jMHi0Lw2k1FPrYbKLWBtrOxRanME+zVFm+z3cjBwfc5xJcInmVAavUrdmsVfZ7DFg==",
			"requires": {
				"@device.farm/si-generic-timer": "^1.0.2"
			}
		}
	}
}
